// !$*UTF8*$!
{
	archiveVersion = 1;
	classes = {
	};
	objectVersion = 50;
	objects = {

/* Begin PBXBuildFile section */
		04A6BA6D22A4CCF9003769D9 /* AppDelegate.swift in Sources */ = {isa = PBXBuildFile; fileRef = 04A6BA6C22A4CCF9003769D9 /* AppDelegate.swift */; };
		04A6BA6F22A4CCF9003769D9 /* ViewController.swift in Sources */ = {isa = PBXBuildFile; fileRef = 04A6BA6E22A4CCF9003769D9 /* ViewController.swift */; };
		04A6BA7222A4CCF9003769D9 /* Main.storyboard in Resources */ = {isa = PBXBuildFile; fileRef = 04A6BA7022A4CCF9003769D9 /* Main.storyboard */; };
		04A6BA7422A4CCFA003769D9 /* Assets.xcassets in Resources */ = {isa = PBXBuildFile; fileRef = 04A6BA7322A4CCFA003769D9 /* Assets.xcassets */; };
		04A6BA7722A4CCFA003769D9 /* LaunchScreen.storyboard in Resources */ = {isa = PBXBuildFile; fileRef = 04A6BA7522A4CCFA003769D9 /* LaunchScreen.storyboard */; };
		04A6BA7F22A4CD10003769D9 /* SearchItemLayout.swift in Sources */ = {isa = PBXBuildFile; fileRef = 04A6BA7E22A4CD0F003769D9 /* SearchItemLayout.swift */; };
		04A6BA8222A4CD2C003769D9 /* SearcHotCell.swift in Sources */ = {isa = PBXBuildFile; fileRef = 04A6BA8022A4CD2C003769D9 /* SearcHotCell.swift */; };
		04A6BA8522A4E39A003769D9 /* SearchSecHeadView.swift in Sources */ = {isa = PBXBuildFile; fileRef = 04A6BA8422A4E39A003769D9 /* SearchSecHeadView.swift */; };
		04A6BA8822A4E568003769D9 /* time@3x.png in Resources */ = {isa = PBXBuildFile; fileRef = 04A6BA8622A4E568003769D9 /* time@3x.png */; };
		04A6BA8922A4E568003769D9 /* time@2x.png in Resources */ = {isa = PBXBuildFile; fileRef = 04A6BA8722A4E568003769D9 /* time@2x.png */; };
/* End PBXBuildFile section */

/* Begin PBXFileReference section */
		04A6BA6922A4CCF9003769D9 /* LayoutCollection.app */ = {isa = PBXFileReference; explicitFileType = wrapper.application; includeInIndex = 0; path = LayoutCollection.app; sourceTree = BUILT_PRODUCTS_DIR; };
		04A6BA6C22A4CCF9003769D9 /* AppDelegate.swift */ = {isa = PBXFileReference; lastKnownFileType = sourcecode.swift; path = AppDelegate.swift; sourceTree = "<group>"; };
		04A6BA6E22A4CCF9003769D9 /* ViewController.swift */ = {isa = PBXFileReference; lastKnownFileType = sourcecode.swift; path = ViewController.swift; sourceTree = "<group>"; };
		04A6BA7122A4CCF9003769D9 /* Base */ = {isa = PBXFileReference; lastKnownFileType = file.storyboard; name = Base; path = Base.lproj/Main.storyboard; sourceTree = "<group>"; };
		04A6BA7322A4CCFA003769D9 /* Assets.xcassets */ = {isa = PBXFileReference; lastKnownFileType = folder.assetcatalog; path = Assets.xcassets; sourceTree = "<group>"; };
		04A6BA7622A4CCFA003769D9 /* Base */ = {isa = PBXFileReference; lastKnownFileType = file.storyboard; name = Base; path = Base.lproj/LaunchScreen.storyboard; sourceTree = "<group>"; };
		04A6BA7822A4CCFB003769D9 /* Info.plist */ = {isa = PBXFileReference; lastKnownFileType = text.plist.xml; path = Info.plist; sourceTree = "<group>"; };
		04A6BA7E22A4CD0F003769D9 /* SearchItemLayout.swift */ = {isa = PBXFileReference; fileEncoding = 4; lastKnownFileType = sourcecode.swift; path = SearchItemLayout.swift; sourceTree = "<group>"; };
		04A6BA8022A4CD2C003769D9 /* SearcHotCell.swift */ = {isa = PBXFileReference; fileEncoding = 4; lastKnownFileType = sourcecode.swift; path = SearcHotCell.swift; sourceTree = "<group>"; };
		04A6BA8422A4E39A003769D9 /* SearchSecHeadView.swift */ = {isa = PBXFileReference; lastKnownFileType = sourcecode.swift; path = SearchSecHeadView.swift; sourceTree = "<group>"; };
		04A6BA8622A4E568003769D9 /* time@3x.png */ = {isa = PBXFileReference; lastKnownFileType = image.png; path = "time@3x.png"; sourceTree = "<group>"; };
		04A6BA8722A4E568003769D9 /* time@2x.png */ = {isa = PBXFileReference; lastKnownFileType = image.png; path = "time@2x.png"; sourceTree = "<group>"; };
/* End PBXFileReference section */

/* Begin PBXFrameworksBuildPhase section */
		04A6BA6622A4CCF9003769D9 /* Frameworks */ = {
			isa = PBXFrameworksBuildPhase;
			buildActionMask = 2147483647;
			files = (
			);
			runOnlyForDeploymentPostprocessing = 0;
		};
/* End PBXFrameworksBuildPhase section */

/* Begin PBXGroup section */
		04A6BA6022A4CCF9003769D9 = {
			isa = PBXGroup;
			children = (
				04A6BA6B22A4CCF9003769D9 /* LayoutCollection */,
				04A6BA6A22A4CCF9003769D9 /* Products */,
			);
			sourceTree = "<group>";
		};
		04A6BA6A22A4CCF9003769D9 /* Products */ = {
			isa = PBXGroup;
			children = (
				04A6BA6922A4CCF9003769D9 /* LayoutCollection.app */,
			);
			name = Products;
			sourceTree = "<group>";
		};
		04A6BA6B22A4CCF9003769D9 /* LayoutCollection */ = {
			isa = PBXGroup;
			children = (
				04A6BA8722A4E568003769D9 /* time@2x.png */,
				04A6BA8622A4E568003769D9 /* time@3x.png */,
				04A6BA8422A4E39A003769D9 /* SearchSecHeadView.swift */,
				04A6BA8022A4CD2C003769D9 /* SearcHotCell.swift */,
				04A6BA7E22A4CD0F003769D9 /* SearchItemLayout.swift */,
				04A6BA6C22A4CCF9003769D9 /* AppDelegate.swift */,
				04A6BA6E22A4CCF9003769D9 /* ViewController.swift */,
				04A6BA7022A4CCF9003769D9 /* Main.storyboard */,
				04A6BA7322A4CCFA003769D9 /* Assets.xcassets */,
				04A6BA7522A4CCFA003769D9 /* LaunchScreen.storyboard */,
				04A6BA7822A4CCFB003769D9 /* Info.plist */,
			);
			path = LayoutCollection;
			sourceTree = "<group>";
		};
/* End PBXGroup section */

/* Begin PBXNativeTarget section */
		04A6BA6822A4CCF9003769D9 /* LayoutCollection */ = {
			isa = PBXNativeTarget;
			buildConfigurationList = 04A6BA7B22A4CCFB003769D9 /* Build configuration list for PBXNativeTarget "LayoutCollection" */;
			buildPhases = (
				04A6BA6522A4CCF9003769D9 /* Sources */,
				04A6BA6622A4CCF9003769D9 /* Frameworks */,
				04A6BA6722A4CCF9003769D9 /* Resources */,
			);
			buildRules = (
			);
			dependencies = (
			);
			name = LayoutCollection;
			productName = LayoutCollection;
			productReference = 04A6BA6922A4CCF9003769D9 /* LayoutCollection.app */;
			productType = "com.apple.product-type.application";
		};
/* End PBXNativeTarget section */

/* Begin PBXProject section */
		04A6BA6122A4CCF9003769D9 /* Project object */ = {
			isa = PBXProject;
			attributes = {
				LastSwiftUpdateCheck = 1010;
				LastUpgradeCheck = 1010;
				ORGANIZATIONNAME = mac;
				TargetAttributes = {
					04A6BA6822A4CCF9003769D9 = {
						CreatedOnToolsVersion = 10.1;
					};
				};
			};
			buildConfigurationList = 04A6BA6422A4CCF9003769D9 /* Build configuration list for PBXProject "LayoutCollection" */;
			compatibilityVersion = "Xcode 9.3";
			developmentRegion = en;
			hasScannedForEncodings = 0;
			knownRegions = (
				en,
				Base,
			);
			mainGroup = 04A6BA6022A4CCF9003769D9;
			productRefGroup = 04A6BA6A22A4CCF9003769D9 /* Products */;
			projectDirPath = "";
			projectRoot = "";
			targets = (
				04A6BA6822A4CCF9003769D9 /* LayoutCollection */,
			);
		};
/* End PBXProject section */

/* Begin PBXResourcesBuildPhase section */
		04A6BA6722A4CCF9003769D9 /* Resources */ = {
			isa = PBXResourcesBuildPhase;
			buildActionMask = 2147483647;
			files = (
				04A6BA8922A4E568003769D9 /* time@2x.png in Resources */,
				04A6BA7722A4CCFA003769D9 /* LaunchScreen.storyboard in Resources */,
				04A6BA8822A4E568003769D9 /* time@3x.png in Resources */,
				04A6BA7422A4CCFA003769D9 /* Assets.xcassets in Resources */,
				04A6BA7222A4CCF9003769D9 /* Main.storyboard in Resources */,
			);
			runOnlyForDeploymentPostprocessing = 0;
		};
/* End PBXResourcesBuildPhase section */

/* Begin PBXSourcesBuildPhase section */
		04A6BA6522A4CCF9003769D9 /* Sources */ = {
			isa = PBXSourcesBuildPhase;
			buildActionMask = 2147483647;
			files = (
				04A6BA8222A4CD2C003769D9 /* SearcHotCell.swift in Sources */,
				04A6BA6F22A4CCF9003769D9 /* ViewController.swift in Sources */,
				04A6BA6D22A4CCF9003769D9 /* AppDelegate.swift in Sources */,
				04A6BA7F22A4CD10003769D9 /* SearchItemLayout.swift in Sources */,
				04A6BA8522A4E39A003769D9 /* SearchSecHeadView.swift in Sources */,
			);
			runOnlyForDeploymentPostprocessing = 0;
		};
/* End PBXSourcesBuildPhase section */

/* Begin PBXVariantGroup section */
		04A6BA7022A4CCF9003769D9 /* Main.storyboard */ = {
			isa = PBXVariantGroup;
			children = (
				04A6BA7122A4CCF9003769D9 /* Base */,
			);
			name = Main.storyboard;
			sourceTree = "<group>";
		};
		04A6BA7522A4CCFA003769D9 /* LaunchScreen.storyboard */ = {
			isa = PBXVariantGroup;
			children = (
				04A6BA7622A4CCFA003769D9 /* Base */,
			);
			name = LaunchScreen.storyboard;
			sourceTree = "<group>";
		};
/* End PBXVariantGroup section */

/* Begin XCBuildConfiguration section */
		04A6BA7922A4CCFB003769D9 /* Debug */ = {
			isa = XCBuildConfiguration;
			buildSettings = {
				ALWAYS_SEARCH_USER_PATHS = NO;
				CLANG_ANALYZER_NONNULL = YES;
				CLANG_ANALYZER_NUMBER_OBJECT_CONVERSION = YES_AGGRESSIVE;
				CLANG_CXX_LANGUAGE_STANDARD = "gnu++14";
				CLANG_CXX_LIBRARY = "libc++";
				CLANG_ENABLE_MODULES = YES;
				CLANG_ENABLE_OBJC_ARC = YES;
				CLANG_ENABLE_OBJC_WEAK = YES;
				CLANG_WARN_BLOCK_CAPTURE_AUTORELEASING = YES;
				CLANG_WARN_BOOL_CONVERSION = YES;
				CLANG_WARN_COMMA = YES;
				CLANG_WARN_CONSTANT_CONVERSION = YES;
				CLANG_WARN_DEPRECATED_OBJC_IMPLEMENTATIONS = YES;
				CLANG_WARN_DIRECT_OBJC_ISA_USAGE = YES_ERROR;
				CLANG_WARN_DOCUMENTATION_COMMENTS = YES;
				CLANG_WARN_EMPTY_BODY = YES;
				CLANG_WARN_ENUM_CONVERSION = YES;
				CLANG_WARN_INFINITE_RECURSION = YES;
				CLANG_WARN_INT_CONVERSION = YES;
				CLANG_WARN_NON_LITERAL_NULL_CONVERSION = YES;
				CLANG_WARN_OBJC_IMPLICIT_RETAIN_SELF = YES;
				CLANG_WARN_OBJC_LITERAL_CONVERSION = YES;
				CLANG_WARN_OBJC_ROOT_CLASS = YES_ERROR;
				CLANG_WARN_RANGE_LOOP_ANALYSIS = YES;
				CLANG_WARN_STRICT_PROTOTYPES = YES;
				CLANG_WARN_SUSPICIOUS_MOVE = YES;
				CLANG_WARN_UNGUARDED_AVAILABILITY = YES_AGGRESSIVE;
				CLANG_WARN_UNREACHABLE_CODE = YES;
				CLANG_WARN__DUPLICATE_METHOD_MATCH = YES;
				CODE_SIGN_IDENTITY = "iPhone Developer";
				COPY_PHASE_STRIP = NO;
				DEBUG_INFORMATION_FORMAT = dwarf;
				ENABLE_STRICT_OBJC_MSGSEND = YES;
				ENABLE_TESTABILITY = YES;
				GCC_C_LANGUAGE_STANDARD = gnu11;
				GCC_DYNAMIC_NO_PIC = NO;
				GCC_NO_COMMON_BLOCKS = YES;
				GCC_OPTIMIZATION_LEVEL = 0;
				GCC_PREPROCESSOR_DEFINITIONS = (
					"DEBUG=1",
					"$(inherited)",
				);
				GCC_WARN_64_TO_32_BIT_CONVERSION = YES;
				GCC_WARN_ABOUT_RETURN_TYPE = YES_ERROR;
				GCC_WARN_UNDECLARED_SELECTOR = YES;
				GCC_WARN_UNINITIALIZED_AUTOS = YES_AGGRESSIVE;
				GCC_WARN_UNUSED_FUNCTION = YES;
				GCC_WARN_UNUSED_VARIABLE = YES;
				IPHONEOS_DEPLOYMENT_TARGET = 12.1;
				MTL_ENABLE_DEBUG_INFO = INCLUDE_SOURCE;
				MTL_FAST_MATH = YES;
				ONLY_ACTIVE_ARCH = YES;
				SDKROOT = iphoneos;
				SWIFT_ACTIVE_COMPILATION_CONDITIONS = DEBUG;
				SWIFT_OPTIMIZATION_LEVEL = "-Onone";
			};
			name = Debug;
		};
		04A6BA7A22A4CCFB003769D9 /* Release */ = {
			isa = XCBuildConfiguration;
			buildSettings = {
				ALWAYS_SEARCH_USER_PATHS = NO;
				CLANG_ANALYZER_NONNULL = YES;
				CLANG_ANALYZER_NUMBER_OBJECT_CONVERSION = YES_AGGRESSIVE;
				CLANG_CXX_LANGUAGE_STANDARD = "gnu++14";
				CLANG_CXX_LIBRARY = "libc++";
				CLANG_ENABLE_MODULES = YES;
				CLANG_ENABLE_OBJC_ARC = YES;
				CLANG_ENABLE_OBJC_WEAK = YES;
				CLANG_WARN_BLOCK_CAPTURE_AUTORELEASING = YES;
				CLANG_WARN_BOOL_CONVERSION = YES;
				CLANG_WARN_COMMA = YES;
				CLANG_WARN_CONSTANT_CONVERSION = YES;
				CLANG_WARN_DEPRECATED_OBJC_IMPLEMENTATIONS = YES;
				CLANG_WARN_DIRECT_OBJC_ISA_USAGE = YES_ERROR;
				CLANG_WARN_DOCUMENTATION_COMMENTS = YES;
				CLANG_WARN_EMPTY_BODY = YES;
				CLANG_WARN_ENUM_CONVERSION = YES;
				CLANG_WARN_INFINITE_RECURSION = YES;
				CLANG_WARN_INT_CONVERSION = YES;
				CLANG_WARN_NON_LITERAL_NULL_CONVERSION = YES;
				CLANG_WARN_OBJC_IMPLICIT_RETAIN_SELF = YES;
				CLANG_WARN_OBJC_LITERAL_CONVERSION = YES;
				CLANG_WARN_OBJC_ROOT_CLASS = YES_ERROR;
				CLANG_WARN_RANGE_LOOP_ANALYSIS = YES;
				CLANG_WARN_STRICT_PROTOTYPES = YES;
				CLANG_WARN_SUSPICIOUS_MOVE = YES;
				CLANG_WARN_UNGUARDED_AVAILABILITY = YES_AGGRESSIVE;
				CLANG_WARN_UNREACHABLE_CODE = YES;
				CLANG_WARN__DUPLICATE_METHOD_MATCH = YES;
				CODE_SIGN_IDENTITY = "iPhone Developer";
				COPY_PHASE_STRIP = NO;
				DEBUG_INFORMATION_FORMAT = "dwarf-with-dsym";
				ENABLE_NS_ASSERTIONS = NO;
				ENABLE_STRICT_OBJC_MSGSEND = YES;
				GCC_C_LANGUAGE_STANDARD = gnu11;
				GCC_NO_COMMON_BLOCKS = YES;
				GCC_WARN_64_TO_32_BIT_CONVERSION = YES;
				GCC_WARN_ABOUT_RETURN_TYPE = YES_ERROR;
				GCC_WARN_UNDECLARED_SELECTOR = YES;
				GCC_WARN_UNINITIALIZED_AUTOS = YES_AGGRESSIVE;
				GCC_WARN_UNUSED_FUNCTION = YES;
				GCC_WARN_UNUSED_VARIABLE = YES;
				IPHONEOS_DEPLOYMENT_TARGET = 12.1;
				MTL_ENABLE_DEBUG_INFO = NO;
				MTL_FAST_MATH = YES;
				SDKROOT = iphoneos;
				SWIFT_COMPILATION_MODE = wholemodule;
				SWIFT_OPTIMIZATION_LEVEL = "-O";
				VALIDATE_PRODUCT = YES;
			};
			name = Release;
		};
		04A6BA7C22A4CCFB003769D9 /* Debug */ = {
			isa = XCBuildConfiguration;
			buildSettings = {
				ASSETCATALOG_COMPILER_APPICON_NAME = AppIcon;
				CODE_SIGN_STYLE = Automatic;
				DEVELOPMENT_TEAM = 325UG6H2XP;
				INFOPLIST_FILE = LayoutCollection/Info.plist;
				LD_RUNPATH_SEARCH_PATHS = (
					"$(inherited)",
					"@executable_path/Frameworks",
				);
				PRODUCT_BUNDLE_IDENTIFIER = com.Xs.LayoutCollection.LayoutCollection;
				PRODUCT_NAME = "$(TARGET_NAME)";
				SWIFT_VERSION = 4.2;
				TARGETED_DEVICE_FAMILY = "1,2";
			};
			name = Debug;
		};
		04A6BA7D22A4CCFB003769D9 /* Release */ = {
			isa = XCBuildConfiguration;
			buildSettings = {
				ASSETCATALOG_COMPILER_APPICON_NAME = AppIcon;
				CODE_SIGN_STYLE = Automatic;
				DEVELOPMENT_TEAM = 325UG6H2XP;
				INFOPLIST_FILE = LayoutCollection/Info.plist;
				LD_RUNPATH_SEARCH_PATHS = (
					"$(inherited)",
					"@executable_path/Frameworks",
				);
				PRODUCT_BUNDLE_IDENTIFIER = com.Xs.LayoutCollection.LayoutCollection;
				PRODUCT_NAME = "$(TARGET_NAME)";
				SWIFT_VERSION = 4.2;
				TARGETED_DEVICE_FAMILY = "1,2";
			};
			name = Release;
		};
/* End XCBuildConfiguration section */

/* Begin XCConfigurationList section */
		04A6BA6422A4CCF9003769D9 /* Build configuration list for PBXProject "LayoutCollection" */ = {
			isa = XCConfigurationList;
			buildConfigurations = (
				04A6BA7922A4CCFB003769D9 /* Debug */,
				04A6BA7A22A4CCFB003769D9 /* Release */,
			);
			defaultConfigurationIsVisible = 0;
			defaultConfigurationName = Release;
		};
		04A6BA7B22A4CCFB003769D9 /* Build configuration list for PBXNativeTarget "LayoutCollection" */ = {
			isa = XCConfigurationList;
			buildConfigurations = (
				04A6BA7C22A4CCFB003769D9 /* Debug */,
				04A6BA7D22A4CCFB003769D9 /* Release */,
			);
			defaultConfigurationIsVisible = 0;
			defaultConfigurationName = Release;
		};
/* End XCConfigurationList section */
	};
	rootObject = 04A6BA6122A4CCF9003769D9 /* Project object */;
}
